Microsoft Visual Studio Solution File, Format Version 12.00
# Visual Studio Version 17
VisualStudioVersion = 17.5.2.0
MinimumVisualStudioVersion = 10.0.40219.1
Project("{FAE04EC0-301F-11D3-BF4B-00C04F79EFBC}") = "ATM", "ATM\ATM.csproj", "{D201FCC4-2AFA-EB74-A1CA-25F786C57877}"
EndProject
Project("{FAE04EC0-301F-11D3-BF4B-00C04F79EFBC}") = "ATM.Tests", "ATM.Tests\ATM.Tests.csproj", "{A01A013F-8202-0665-065C-1D0BE546B671}"
EndProject
Global
	GlobalSection(SolutionConfigurationPlatforms) = preSolution
		Debug|Any CPU = Debug|Any CPU
		Release|Any CPU = Release|Any CPU
	EndGlobalSection
	GlobalSection(ProjectConfigurationPlatforms) = postSolution
		{D201FCC4-2AFA-EB74-A1CA-25F786C57877}.Debug|Any CPU.ActiveCfg = Debug|Any CPU
		{D201FCC4-2AFA-EB74-A1CA-25F786C57877}.Debug|Any CPU.Build.0 = Debug|Any CPU
		{D201FCC4-2AFA-EB74-A1CA-25F786C57877}.Release|Any CPU.ActiveCfg = Release|Any CPU
		{D201FCC4-2AFA-EB74-A1CA-25F786C57877}.Release|Any CPU.Build.0 = Release|Any CPU
		{A01A013F-8202-0665-065C-1D0BE546B671}.Debug|Any CPU.ActiveCfg = Debug|Any CPU
		{A01A013F-8202-0665-065C-1D0BE546B671}.Debug|Any CPU.Build.0 = Debug|Any CPU
		{A01A013F-8202-0665-065C-1D0BE546B671}.Release|Any CPU.ActiveCfg = Release|Any CPU
		{A01A013F-8202-0665-065C-1D0BE546B671}.Release|Any CPU.Build.0 = Release|Any CPU
	EndGlobalSection
	GlobalSection(SolutionProperties) = preSolution
		HideSolutionNode = FALSE
	EndGlobalSection
	GlobalSection(ExtensibilityGlobals) = postSolution
		SolutionGuid = {918AD5F5-C097-4872-8F86-139F0402FC75}
	EndGlobalSection
EndGlobal
